
Microsoft Visual Studio Solution File, Format Version 12.00
# Visual Studio 15
VisualStudioVersion = 15.0.26730.12
MinimumVisualStudioVersion = 10.0.40219.1
Project("{2150E333-8FDC-42A3-9474-1A3956D46DE8}") = "Solution Items", "Solution Items", "{2F7877D6-FA86-4265-B9E8-CCF4BC1211D1}"
	ProjectSection(SolutionItems) = preProject
		SolutionItems\SolutionInfo.cs = SolutionItems\SolutionInfo.cs
	EndProjectSection
EndProject
Project("{9A19103F-16F7-4668-BE54-9A1E7A4F7556}") = "Kraken.Tests", "source\Kraken.Tests\Kraken.Tests.csproj", "{6D70C8C8-2DFC-4B13-99AA-AFF46494ECB9}"
EndProject
Project("{9A19103F-16F7-4668-BE54-9A1E7A4F7556}") = "Kraken.Autofac", "source\Kraken.Autofac\Kraken.Autofac.csproj", "{514174F0-6F5D-4638-BBAA-73D7CAEAA7B1}"
EndProject
Project("{9A19103F-16F7-4668-BE54-9A1E7A4F7556}") = "Kraken.Core", "source\Kraken.Core\Kraken.Core.csproj", "{D0365619-0C1B-4AED-875B-1882E504FEF9}"
EndProject
Project("{9A19103F-16F7-4668-BE54-9A1E7A4F7556}") = "Kraken.Core.Tests", "source\_Tests\Kraken.Core.Tests\Kraken.Core.Tests.csproj", "{0A23A7A3-A368-4758-BE43-053D403F68D1}"
EndProject
Project("{9A19103F-16F7-4668-BE54-9A1E7A4F7556}") = "Kraken.Net", "source\Kraken.Net\Kraken.Net.csproj", "{B4ECE6E1-786B-4370-82DF-1DD7395EEC43}"
EndProject
Project("{2150E333-8FDC-42A3-9474-1A3956D46DE8}") = "Test", "Test", "{095A8101-67AD-44A0-9AE2-EF090DE32EBD}"
EndProject
Project("{9A19103F-16F7-4668-BE54-9A1E7A4F7556}") = "Kraken.Noda", "source\Kraken.Noda\Kraken.Noda.csproj", "{F7D738E2-B76B-4BD8-B258-5FFE769342C4}"
EndProject
Project("{9A19103F-16F7-4668-BE54-9A1E7A4F7556}") = "Kraken.Net.Tests", "source\_Tests\Kraken.Net.Tests\Kraken.Net.Tests.csproj", "{9EF1974F-C2D2-4A7C-ABBF-C2390248B875}"
EndProject
Project("{9A19103F-16F7-4668-BE54-9A1E7A4F7556}") = "Kraken.Tests.Tests", "source\_Tests\Kraken.Tests.Tests\Kraken.Tests.Tests.csproj", "{B152CD5B-F35D-43D1-B55C-A49881F16B27}"
EndProject
Project("{9A19103F-16F7-4668-BE54-9A1E7A4F7556}") = "Kraken.Tests.NUnit", "source\Kraken.Tests.NUnit\Kraken.Tests.NUnit.csproj", "{8D280E0A-6C63-4531-B6B7-9E551AFA2D32}"
EndProject
Project("{2150E333-8FDC-42A3-9474-1A3956D46DE8}") = "Samples", "Samples", "{347D6D94-F8C0-44C9-8075-3513630B88BA}"
EndProject
Project("{9A19103F-16F7-4668-BE54-9A1E7A4F7556}") = "Sample.Tests.Xunit", "samples\Sample.Tests.Xunit\Sample.Tests.Xunit.csproj", "{322F5A6B-9ED4-463D-B42A-4F52346338BE}"
EndProject
Project("{9A19103F-16F7-4668-BE54-9A1E7A4F7556}") = "Kraken.Core.Windows", "source\Kraken.Core.Windows\Kraken.Core.Windows.csproj", "{8224724D-FAB3-4050-820B-24F29FAB29FD}"
EndProject
Project("{9A19103F-16F7-4668-BE54-9A1E7A4F7556}") = "Kraken.Core.Windows.Tests", "source\_Tests\Kraken.Core.Windows.Tests\Kraken.Core.Windows.Tests.csproj", "{978F57CA-0230-4D07-89B8-667AABC1E6F9}"
EndProject
Project("{9A19103F-16F7-4668-BE54-9A1E7A4F7556}") = "Kraken.Web", "source\Kraken.Web\Kraken.Web.csproj", "{9169141B-8D4B-4143-AA85-38E8864A7677}"
EndProject
Project("{9A19103F-16F7-4668-BE54-9A1E7A4F7556}") = "Kraken.NLog", "source\Kraken.NLog\Kraken.NLog.csproj", "{2FB8E329-3611-4278-AE4B-1ACB5AD4A1BA}"
EndProject
Project("{9A19103F-16F7-4668-BE54-9A1E7A4F7556}") = "Kraken.Web.Tests", "source\_Tests\Kraken.Web.Tests\Kraken.Web.Tests.csproj", "{5BC7EDA3-11B6-4ADC-B49F-B427387F0835}"
EndProject
Global
	GlobalSection(SolutionConfigurationPlatforms) = preSolution
		Debug|Any CPU = Debug|Any CPU
		Release|Any CPU = Release|Any CPU
	EndGlobalSection
	GlobalSection(ProjectConfigurationPlatforms) = postSolution
		{6D70C8C8-2DFC-4B13-99AA-AFF46494ECB9}.Debug|Any CPU.ActiveCfg = Debug|Any CPU
		{6D70C8C8-2DFC-4B13-99AA-AFF46494ECB9}.Debug|Any CPU.Build.0 = Debug|Any CPU
		{6D70C8C8-2DFC-4B13-99AA-AFF46494ECB9}.Release|Any CPU.ActiveCfg = Release|Any CPU
		{6D70C8C8-2DFC-4B13-99AA-AFF46494ECB9}.Release|Any CPU.Build.0 = Release|Any CPU
		{514174F0-6F5D-4638-BBAA-73D7CAEAA7B1}.Debug|Any CPU.ActiveCfg = Debug|Any CPU
		{514174F0-6F5D-4638-BBAA-73D7CAEAA7B1}.Debug|Any CPU.Build.0 = Debug|Any CPU
		{514174F0-6F5D-4638-BBAA-73D7CAEAA7B1}.Release|Any CPU.ActiveCfg = Release|Any CPU
		{514174F0-6F5D-4638-BBAA-73D7CAEAA7B1}.Release|Any CPU.Build.0 = Release|Any CPU
		{D0365619-0C1B-4AED-875B-1882E504FEF9}.Debug|Any CPU.ActiveCfg = Debug|Any CPU
		{D0365619-0C1B-4AED-875B-1882E504FEF9}.Debug|Any CPU.Build.0 = Debug|Any CPU
		{D0365619-0C1B-4AED-875B-1882E504FEF9}.Release|Any CPU.ActiveCfg = Release|Any CPU
		{D0365619-0C1B-4AED-875B-1882E504FEF9}.Release|Any CPU.Build.0 = Release|Any CPU
		{0A23A7A3-A368-4758-BE43-053D403F68D1}.Debug|Any CPU.ActiveCfg = Debug|Any CPU
		{0A23A7A3-A368-4758-BE43-053D403F68D1}.Debug|Any CPU.Build.0 = Debug|Any CPU
		{0A23A7A3-A368-4758-BE43-053D403F68D1}.Release|Any CPU.ActiveCfg = Release|Any CPU
		{0A23A7A3-A368-4758-BE43-053D403F68D1}.Release|Any CPU.Build.0 = Release|Any CPU
		{B4ECE6E1-786B-4370-82DF-1DD7395EEC43}.Debug|Any CPU.ActiveCfg = Debug|Any CPU
		{B4ECE6E1-786B-4370-82DF-1DD7395EEC43}.Debug|Any CPU.Build.0 = Debug|Any CPU
		{B4ECE6E1-786B-4370-82DF-1DD7395EEC43}.Release|Any CPU.ActiveCfg = Release|Any CPU
		{B4ECE6E1-786B-4370-82DF-1DD7395EEC43}.Release|Any CPU.Build.0 = Release|Any CPU
		{F7D738E2-B76B-4BD8-B258-5FFE769342C4}.Debug|Any CPU.ActiveCfg = Debug|Any CPU
		{F7D738E2-B76B-4BD8-B258-5FFE769342C4}.Debug|Any CPU.Build.0 = Debug|Any CPU
		{F7D738E2-B76B-4BD8-B258-5FFE769342C4}.Release|Any CPU.ActiveCfg = Release|Any CPU
		{F7D738E2-B76B-4BD8-B258-5FFE769342C4}.Release|Any CPU.Build.0 = Release|Any CPU
		{9EF1974F-C2D2-4A7C-ABBF-C2390248B875}.Debug|Any CPU.ActiveCfg = Debug|Any CPU
		{9EF1974F-C2D2-4A7C-ABBF-C2390248B875}.Debug|Any CPU.Build.0 = Debug|Any CPU
		{9EF1974F-C2D2-4A7C-ABBF-C2390248B875}.Release|Any CPU.ActiveCfg = Release|Any CPU
		{9EF1974F-C2D2-4A7C-ABBF-C2390248B875}.Release|Any CPU.Build.0 = Release|Any CPU
		{B152CD5B-F35D-43D1-B55C-A49881F16B27}.Debug|Any CPU.ActiveCfg = Debug|Any CPU
		{B152CD5B-F35D-43D1-B55C-A49881F16B27}.Debug|Any CPU.Build.0 = Debug|Any CPU
		{B152CD5B-F35D-43D1-B55C-A49881F16B27}.Release|Any CPU.ActiveCfg = Release|Any CPU
		{B152CD5B-F35D-43D1-B55C-A49881F16B27}.Release|Any CPU.Build.0 = Release|Any CPU
		{8D280E0A-6C63-4531-B6B7-9E551AFA2D32}.Debug|Any CPU.ActiveCfg = Debug|Any CPU
		{8D280E0A-6C63-4531-B6B7-9E551AFA2D32}.Debug|Any CPU.Build.0 = Debug|Any CPU
		{8D280E0A-6C63-4531-B6B7-9E551AFA2D32}.Release|Any CPU.ActiveCfg = Release|Any CPU
		{8D280E0A-6C63-4531-B6B7-9E551AFA2D32}.Release|Any CPU.Build.0 = Release|Any CPU
		{322F5A6B-9ED4-463D-B42A-4F52346338BE}.Debug|Any CPU.ActiveCfg = Debug|Any CPU
		{322F5A6B-9ED4-463D-B42A-4F52346338BE}.Debug|Any CPU.Build.0 = Debug|Any CPU
		{322F5A6B-9ED4-463D-B42A-4F52346338BE}.Release|Any CPU.ActiveCfg = Release|Any CPU
		{322F5A6B-9ED4-463D-B42A-4F52346338BE}.Release|Any CPU.Build.0 = Release|Any CPU
		{8224724D-FAB3-4050-820B-24F29FAB29FD}.Debug|Any CPU.ActiveCfg = Debug|Any CPU
		{8224724D-FAB3-4050-820B-24F29FAB29FD}.Debug|Any CPU.Build.0 = Debug|Any CPU
		{8224724D-FAB3-4050-820B-24F29FAB29FD}.Release|Any CPU.ActiveCfg = Release|Any CPU
		{8224724D-FAB3-4050-820B-24F29FAB29FD}.Release|Any CPU.Build.0 = Release|Any CPU
		{978F57CA-0230-4D07-89B8-667AABC1E6F9}.Debug|Any CPU.ActiveCfg = Debug|Any CPU
		{978F57CA-0230-4D07-89B8-667AABC1E6F9}.Debug|Any CPU.Build.0 = Debug|Any CPU
		{978F57CA-0230-4D07-89B8-667AABC1E6F9}.Release|Any CPU.ActiveCfg = Release|Any CPU
		{978F57CA-0230-4D07-89B8-667AABC1E6F9}.Release|Any CPU.Build.0 = Release|Any CPU
		{9169141B-8D4B-4143-AA85-38E8864A7677}.Debug|Any CPU.ActiveCfg = Debug|Any CPU
		{9169141B-8D4B-4143-AA85-38E8864A7677}.Debug|Any CPU.Build.0 = Debug|Any CPU
		{9169141B-8D4B-4143-AA85-38E8864A7677}.Release|Any CPU.ActiveCfg = Release|Any CPU
		{9169141B-8D4B-4143-AA85-38E8864A7677}.Release|Any CPU.Build.0 = Release|Any CPU
		{2FB8E329-3611-4278-AE4B-1ACB5AD4A1BA}.Debug|Any CPU.ActiveCfg = Debug|Any CPU
		{2FB8E329-3611-4278-AE4B-1ACB5AD4A1BA}.Debug|Any CPU.Build.0 = Debug|Any CPU
		{2FB8E329-3611-4278-AE4B-1ACB5AD4A1BA}.Release|Any CPU.ActiveCfg = Release|Any CPU
		{2FB8E329-3611-4278-AE4B-1ACB5AD4A1BA}.Release|Any CPU.Build.0 = Release|Any CPU
		{5BC7EDA3-11B6-4ADC-B49F-B427387F0835}.Debug|Any CPU.ActiveCfg = Debug|Any CPU
		{5BC7EDA3-11B6-4ADC-B49F-B427387F0835}.Debug|Any CPU.Build.0 = Debug|Any CPU
		{5BC7EDA3-11B6-4ADC-B49F-B427387F0835}.Release|Any CPU.ActiveCfg = Release|Any CPU
		{5BC7EDA3-11B6-4ADC-B49F-B427387F0835}.Release|Any CPU.Build.0 = Release|Any CPU
	EndGlobalSection
	GlobalSection(SolutionProperties) = preSolution
		HideSolutionNode = FALSE
	EndGlobalSection
	GlobalSection(NestedProjects) = preSolution
		{0A23A7A3-A368-4758-BE43-053D403F68D1} = {095A8101-67AD-44A0-9AE2-EF090DE32EBD}
		{9EF1974F-C2D2-4A7C-ABBF-C2390248B875} = {095A8101-67AD-44A0-9AE2-EF090DE32EBD}
		{B152CD5B-F35D-43D1-B55C-A49881F16B27} = {095A8101-67AD-44A0-9AE2-EF090DE32EBD}
		{322F5A6B-9ED4-463D-B42A-4F52346338BE} = {347D6D94-F8C0-44C9-8075-3513630B88BA}
		{978F57CA-0230-4D07-89B8-667AABC1E6F9} = {095A8101-67AD-44A0-9AE2-EF090DE32EBD}
		{5BC7EDA3-11B6-4ADC-B49F-B427387F0835} = {095A8101-67AD-44A0-9AE2-EF090DE32EBD}
	EndGlobalSection
	GlobalSection(ExtensibilityGlobals) = postSolution
		EnterpriseLibraryConfigurationToolBinariesPath = packages\Unity.2.1.505.0\lib\NET35;packages\Unity.Interception.2.1.505.0\lib\NET35;packages\EnterpriseLibrary.Common.5.0.505.0\lib\NET35;packages\EnterpriseLibrary.Data.5.0.505.0\lib\NET35
		SolutionGuid = {C6FDB409-5AB1-4DF9-B3E5-DAD0B8482C73}
	EndGlobalSection
EndGlobal
